
Microsoft Visual Studio Solution File, Format Version 12.00
# Visual Studio Version 17
VisualStudioVersion = 17.14.36623.8
MinimumVisualStudioVersion = 10.0.40219.1
Project("{FAE04EC0-301F-11D3-BF4B-00C04F79EFBC}") = "FoodApp", "FoodApp\FoodApp.csproj", "{EB89A036-34BF-4D15-9AC7-E2A024410DC9}"
EndProject
Project("{E53339B2-1760-4266-BCC7-CA923CBCF16C}") = "docker-compose", "docker-compose.dcproj", "{81DDED9D-158B-E303-5F62-77A2896D2A5A}"
EndProject
Project("{FAE04EC0-301F-11D3-BF4B-00C04F79EFBC}") = "FoodApp.Test", "..\FoodApp.Test\FoodApp.Test.csproj", "{6A554829-F309-4C86-8F2B-566FBAB9ECB1}"
EndProject
Global
	GlobalSection(SolutionConfigurationPlatforms) = preSolution
		Debug|Any CPU = Debug|Any CPU
		Release|Any CPU = Release|Any CPU
	EndGlobalSection
	GlobalSection(ProjectConfigurationPlatforms) = postSolution
		{EB89A036-34BF-4D15-9AC7-E2A024410DC9}.Debug|Any CPU.ActiveCfg = Debug|Any CPU
		{EB89A036-34BF-4D15-9AC7-E2A024410DC9}.Debug|Any CPU.Build.0 = Debug|Any CPU
		{EB89A036-34BF-4D15-9AC7-E2A024410DC9}.Release|Any CPU.ActiveCfg = Release|Any CPU
		{EB89A036-34BF-4D15-9AC7-E2A024410DC9}.Release|Any CPU.Build.0 = Release|Any CPU
		{81DDED9D-158B-E303-5F62-77A2896D2A5A}.Debug|Any CPU.ActiveCfg = Debug|Any CPU
		{81DDED9D-158B-E303-5F62-77A2896D2A5A}.Debug|Any CPU.Build.0 = Debug|Any CPU
		{81DDED9D-158B-E303-5F62-77A2896D2A5A}.Release|Any CPU.ActiveCfg = Release|Any CPU
		{81DDED9D-158B-E303-5F62-77A2896D2A5A}.Release|Any CPU.Build.0 = Release|Any CPU
		{6A554829-F309-4C86-8F2B-566FBAB9ECB1}.Debug|Any CPU.ActiveCfg = Debug|Any CPU
		{6A554829-F309-4C86-8F2B-566FBAB9ECB1}.Debug|Any CPU.Build.0 = Debug|Any CPU
		{6A554829-F309-4C86-8F2B-566FBAB9ECB1}.Release|Any CPU.ActiveCfg = Release|Any CPU
		{6A554829-F309-4C86-8F2B-566FBAB9ECB1}.Release|Any CPU.Build.0 = Release|Any CPU
	EndGlobalSection
	GlobalSection(SolutionProperties) = preSolution
		HideSolutionNode = FALSE
	EndGlobalSection
	GlobalSection(ExtensibilityGlobals) = postSolution
		SolutionGuid = {BEB9078C-8694-46AE-A743-E85D5E64A3C4}
	EndGlobalSection
EndGlobal
